
Microsoft Visual Studio Solution File, Format Version 12.00
# Visual Studio 2013
VisualStudioVersion = 12.0.31101.0
MinimumVisualStudioVersion = 10.0.40219.1
Project("{FAE04EC0-301F-11D3-BF4B-00C04F79EFBC}") = "SolutionDocumentationGenerator", "SolutionDocumentationGenerator\SolutionDocumentationGenerator.csproj", "{7ED0FA1A-11FB-4134-BDA3-99B2DD693E31}"
EndProject
Project("{FAE04EC0-301F-11D3-BF4B-00C04F79EFBC}") = "SolutionDocumentationGenerator.Test", "SolutionDocumentationGenerator.Test\SolutionDocumentationGenerator.Test.csproj", "{56C34F36-F3D8-4D21-9399-5C42E2564D30}"
EndProject
Global
	GlobalSection(SolutionConfigurationPlatforms) = preSolution
		Debug|Any CPU = Debug|Any CPU
		Release|Any CPU = Release|Any CPU
	EndGlobalSection
	GlobalSection(ProjectConfigurationPlatforms) = postSolution
		{7ED0FA1A-11FB-4134-BDA3-99B2DD693E31}.Debug|Any CPU.ActiveCfg = Debug|Any CPU
		{7ED0FA1A-11FB-4134-BDA3-99B2DD693E31}.Debug|Any CPU.Build.0 = Debug|Any CPU
		{7ED0FA1A-11FB-4134-BDA3-99B2DD693E31}.Release|Any CPU.ActiveCfg = Release|Any CPU
		{7ED0FA1A-11FB-4134-BDA3-99B2DD693E31}.Release|Any CPU.Build.0 = Release|Any CPU
		{56C34F36-F3D8-4D21-9399-5C42E2564D30}.Debug|Any CPU.ActiveCfg = Debug|Any CPU
		{56C34F36-F3D8-4D21-9399-5C42E2564D30}.Debug|Any CPU.Build.0 = Debug|Any CPU
		{56C34F36-F3D8-4D21-9399-5C42E2564D30}.Release|Any CPU.ActiveCfg = Release|Any CPU
		{56C34F36-F3D8-4D21-9399-5C42E2564D30}.Release|Any CPU.Build.0 = Release|Any CPU
	EndGlobalSection
	GlobalSection(SolutionProperties) = preSolution
		HideSolutionNode = FALSE
	EndGlobalSection
EndGlobal
